
Microsoft Visual Studio Solution File, Format Version 12.00
# Visual Studio Version 16
VisualStudioVersion = 16.0.29306.81
MinimumVisualStudioVersion = 10.0.40219.1
Project("{2150E333-8FDC-42A3-9474-1A3956D46DE8}") = "Intro", "Intro", "{17E4C6E4-E70B-4400-91E2-7E11782A1A67}"
EndProject
Project("{2150E333-8FDC-42A3-9474-1A3956D46DE8}") = "1. Basic", "1. Basic", "{0A1B2448-5225-4F7E-BB7D-76BBF321EF03}"
EndProject
Project("{9A19103F-16F7-4668-BE54-9A1E7A4F7556}") = "BasicSender", "BasicSender\BasicSender.csproj", "{796EA9F2-C7DD-45B2-B2EF-437D1F6CF8B7}"
EndProject
Project("{9A19103F-16F7-4668-BE54-9A1E7A4F7556}") = "BasicReceiver", "BasicReceiver\BasicReceiver.csproj", "{01F47155-EBC6-497A-A308-93F281BC5F16}"
EndProject
Project("{9A19103F-16F7-4668-BE54-9A1E7A4F7556}") = "SenderV1", "SenderV1\SenderV1.csproj", "{E67A1628-906D-461D-9FEE-5E846AE517A0}"
EndProject
Project("{9A19103F-16F7-4668-BE54-9A1E7A4F7556}") = "ReceiverV1", "ReceiverV1\ReceiverV1.csproj", "{AA6E483A-5559-4EF2-9CCF-36F201CB42BB}"
EndProject
Project("{2150E333-8FDC-42A3-9474-1A3956D46DE8}") = "2. Exchange Basic", "2. Exchange Basic", "{0EB516F8-CD5B-4C6A-93E8-DC7213CA1F1B}"
EndProject
Project("{9A19103F-16F7-4668-BE54-9A1E7A4F7556}") = "SenderExV1", "SenderExV1\SenderExV1.csproj", "{8E36120E-E09E-47DA-811F-A0E33AB1124C}"
EndProject
Project("{9A19103F-16F7-4668-BE54-9A1E7A4F7556}") = "ReceiverExV1", "ReceiverExV1\ReceiverExV1.csproj", "{9D20D834-9492-4942-A571-81297059166A}"
EndProject
Project("{9A19103F-16F7-4668-BE54-9A1E7A4F7556}") = "SenderDirect", "SenderDirect\SenderDirect.csproj", "{3DD65378-68E0-4E55-8610-AFCD7CCE0947}"
EndProject
Project("{9A19103F-16F7-4668-BE54-9A1E7A4F7556}") = "ReceiverDirect", "ReceiverDirect\ReceiverDirect.csproj", "{F4B69D4E-B4A7-4110-A5E9-8DED1684B162}"
EndProject
Project("{FAE04EC0-301F-11D3-BF4B-00C04F79EFBC}") = "SenderExchangeWithPriority", "SenderExchangeWithPriority\SenderExchangeWithPriority.csproj", "{F23268B9-530A-4537-A15B-42302521C5EE}"
EndProject
Project("{FAE04EC0-301F-11D3-BF4B-00C04F79EFBC}") = "ReceiverExchangeWithPriority", "ReceiverExchangeWithPriority\ReceiverExchangeWithPriority.csproj", "{92D933CD-B01D-495F-82F1-0191FDBBBF51}"
EndProject
Project("{2150E333-8FDC-42A3-9474-1A3956D46DE8}") = "Direct Exchange", "Direct Exchange", "{A440E2A2-373C-4267-9547-3B7ED3E682CD}"
EndProject
Project("{FAE04EC0-301F-11D3-BF4B-00C04F79EFBC}") = "SenderDirectV1", "SenderDirectV1\SenderDirectV1.csproj", "{FC8ED719-6CA1-426F-911F-97FEAF2885DD}"
EndProject
Project("{FAE04EC0-301F-11D3-BF4B-00C04F79EFBC}") = "ReceiverDirectV1", "ReceiverDirectV1\ReceiverDirectV1.csproj", "{91E27419-F924-4C6D-A322-B7424A317DBC}"
EndProject
Project("{2150E333-8FDC-42A3-9474-1A3956D46DE8}") = "Topic Exchange", "Topic Exchange", "{12640F09-44E3-4CD4-97AB-9618EDF32D21}"
EndProject
Project("{FAE04EC0-301F-11D3-BF4B-00C04F79EFBC}") = "SenderTopicV1", "SenderTopicV1\SenderTopicV1.csproj", "{6CC7DF19-3C54-4043-BA9A-2664FCE98816}"
EndProject
Project("{FAE04EC0-301F-11D3-BF4B-00C04F79EFBC}") = "ReceiverTopicV1", "ReceiverTopicV1\ReceiverTopicV1.csproj", "{8FCB0AD5-3C9E-4825-9A61-48B3D62C5242}"
EndProject
Global
	GlobalSection(SolutionConfigurationPlatforms) = preSolution
		Debug|Any CPU = Debug|Any CPU
		Release|Any CPU = Release|Any CPU
	EndGlobalSection
	GlobalSection(ProjectConfigurationPlatforms) = postSolution
		{796EA9F2-C7DD-45B2-B2EF-437D1F6CF8B7}.Debug|Any CPU.ActiveCfg = Debug|Any CPU
		{796EA9F2-C7DD-45B2-B2EF-437D1F6CF8B7}.Debug|Any CPU.Build.0 = Debug|Any CPU
		{796EA9F2-C7DD-45B2-B2EF-437D1F6CF8B7}.Release|Any CPU.ActiveCfg = Release|Any CPU
		{796EA9F2-C7DD-45B2-B2EF-437D1F6CF8B7}.Release|Any CPU.Build.0 = Release|Any CPU
		{01F47155-EBC6-497A-A308-93F281BC5F16}.Debug|Any CPU.ActiveCfg = Debug|Any CPU
		{01F47155-EBC6-497A-A308-93F281BC5F16}.Debug|Any CPU.Build.0 = Debug|Any CPU
		{01F47155-EBC6-497A-A308-93F281BC5F16}.Release|Any CPU.ActiveCfg = Release|Any CPU
		{01F47155-EBC6-497A-A308-93F281BC5F16}.Release|Any CPU.Build.0 = Release|Any CPU
		{E67A1628-906D-461D-9FEE-5E846AE517A0}.Debug|Any CPU.ActiveCfg = Debug|Any CPU
		{E67A1628-906D-461D-9FEE-5E846AE517A0}.Debug|Any CPU.Build.0 = Debug|Any CPU
		{E67A1628-906D-461D-9FEE-5E846AE517A0}.Release|Any CPU.ActiveCfg = Release|Any CPU
		{E67A1628-906D-461D-9FEE-5E846AE517A0}.Release|Any CPU.Build.0 = Release|Any CPU
		{AA6E483A-5559-4EF2-9CCF-36F201CB42BB}.Debug|Any CPU.ActiveCfg = Debug|Any CPU
		{AA6E483A-5559-4EF2-9CCF-36F201CB42BB}.Debug|Any CPU.Build.0 = Debug|Any CPU
		{AA6E483A-5559-4EF2-9CCF-36F201CB42BB}.Release|Any CPU.ActiveCfg = Release|Any CPU
		{AA6E483A-5559-4EF2-9CCF-36F201CB42BB}.Release|Any CPU.Build.0 = Release|Any CPU
		{8E36120E-E09E-47DA-811F-A0E33AB1124C}.Debug|Any CPU.ActiveCfg = Debug|Any CPU
		{8E36120E-E09E-47DA-811F-A0E33AB1124C}.Debug|Any CPU.Build.0 = Debug|Any CPU
		{8E36120E-E09E-47DA-811F-A0E33AB1124C}.Release|Any CPU.ActiveCfg = Release|Any CPU
		{8E36120E-E09E-47DA-811F-A0E33AB1124C}.Release|Any CPU.Build.0 = Release|Any CPU
		{9D20D834-9492-4942-A571-81297059166A}.Debug|Any CPU.ActiveCfg = Debug|Any CPU
		{9D20D834-9492-4942-A571-81297059166A}.Debug|Any CPU.Build.0 = Debug|Any CPU
		{9D20D834-9492-4942-A571-81297059166A}.Release|Any CPU.ActiveCfg = Release|Any CPU
		{9D20D834-9492-4942-A571-81297059166A}.Release|Any CPU.Build.0 = Release|Any CPU
		{3DD65378-68E0-4E55-8610-AFCD7CCE0947}.Debug|Any CPU.ActiveCfg = Debug|Any CPU
		{3DD65378-68E0-4E55-8610-AFCD7CCE0947}.Debug|Any CPU.Build.0 = Debug|Any CPU
		{3DD65378-68E0-4E55-8610-AFCD7CCE0947}.Release|Any CPU.ActiveCfg = Release|Any CPU
		{3DD65378-68E0-4E55-8610-AFCD7CCE0947}.Release|Any CPU.Build.0 = Release|Any CPU
		{F4B69D4E-B4A7-4110-A5E9-8DED1684B162}.Debug|Any CPU.ActiveCfg = Debug|Any CPU
		{F4B69D4E-B4A7-4110-A5E9-8DED1684B162}.Debug|Any CPU.Build.0 = Debug|Any CPU
		{F4B69D4E-B4A7-4110-A5E9-8DED1684B162}.Release|Any CPU.ActiveCfg = Release|Any CPU
		{F4B69D4E-B4A7-4110-A5E9-8DED1684B162}.Release|Any CPU.Build.0 = Release|Any CPU
		{F23268B9-530A-4537-A15B-42302521C5EE}.Debug|Any CPU.ActiveCfg = Debug|Any CPU
		{F23268B9-530A-4537-A15B-42302521C5EE}.Debug|Any CPU.Build.0 = Debug|Any CPU
		{F23268B9-530A-4537-A15B-42302521C5EE}.Release|Any CPU.ActiveCfg = Release|Any CPU
		{F23268B9-530A-4537-A15B-42302521C5EE}.Release|Any CPU.Build.0 = Release|Any CPU
		{92D933CD-B01D-495F-82F1-0191FDBBBF51}.Debug|Any CPU.ActiveCfg = Debug|Any CPU
		{92D933CD-B01D-495F-82F1-0191FDBBBF51}.Debug|Any CPU.Build.0 = Debug|Any CPU
		{92D933CD-B01D-495F-82F1-0191FDBBBF51}.Release|Any CPU.ActiveCfg = Release|Any CPU
		{92D933CD-B01D-495F-82F1-0191FDBBBF51}.Release|Any CPU.Build.0 = Release|Any CPU
		{FC8ED719-6CA1-426F-911F-97FEAF2885DD}.Debug|Any CPU.ActiveCfg = Debug|Any CPU
		{FC8ED719-6CA1-426F-911F-97FEAF2885DD}.Debug|Any CPU.Build.0 = Debug|Any CPU
		{FC8ED719-6CA1-426F-911F-97FEAF2885DD}.Release|Any CPU.ActiveCfg = Release|Any CPU
		{FC8ED719-6CA1-426F-911F-97FEAF2885DD}.Release|Any CPU.Build.0 = Release|Any CPU
		{91E27419-F924-4C6D-A322-B7424A317DBC}.Debug|Any CPU.ActiveCfg = Debug|Any CPU
		{91E27419-F924-4C6D-A322-B7424A317DBC}.Debug|Any CPU.Build.0 = Debug|Any CPU
		{91E27419-F924-4C6D-A322-B7424A317DBC}.Release|Any CPU.ActiveCfg = Release|Any CPU
		{91E27419-F924-4C6D-A322-B7424A317DBC}.Release|Any CPU.Build.0 = Release|Any CPU
		{6CC7DF19-3C54-4043-BA9A-2664FCE98816}.Debug|Any CPU.ActiveCfg = Debug|Any CPU
		{6CC7DF19-3C54-4043-BA9A-2664FCE98816}.Debug|Any CPU.Build.0 = Debug|Any CPU
		{6CC7DF19-3C54-4043-BA9A-2664FCE98816}.Release|Any CPU.ActiveCfg = Release|Any CPU
		{6CC7DF19-3C54-4043-BA9A-2664FCE98816}.Release|Any CPU.Build.0 = Release|Any CPU
		{8FCB0AD5-3C9E-4825-9A61-48B3D62C5242}.Debug|Any CPU.ActiveCfg = Debug|Any CPU
		{8FCB0AD5-3C9E-4825-9A61-48B3D62C5242}.Debug|Any CPU.Build.0 = Debug|Any CPU
		{8FCB0AD5-3C9E-4825-9A61-48B3D62C5242}.Release|Any CPU.ActiveCfg = Release|Any CPU
		{8FCB0AD5-3C9E-4825-9A61-48B3D62C5242}.Release|Any CPU.Build.0 = Release|Any CPU
	EndGlobalSection
	GlobalSection(SolutionProperties) = preSolution
		HideSolutionNode = FALSE
	EndGlobalSection
	GlobalSection(NestedProjects) = preSolution
		{0A1B2448-5225-4F7E-BB7D-76BBF321EF03} = {17E4C6E4-E70B-4400-91E2-7E11782A1A67}
		{796EA9F2-C7DD-45B2-B2EF-437D1F6CF8B7} = {0A1B2448-5225-4F7E-BB7D-76BBF321EF03}
		{01F47155-EBC6-497A-A308-93F281BC5F16} = {0A1B2448-5225-4F7E-BB7D-76BBF321EF03}
		{E67A1628-906D-461D-9FEE-5E846AE517A0} = {0A1B2448-5225-4F7E-BB7D-76BBF321EF03}
		{AA6E483A-5559-4EF2-9CCF-36F201CB42BB} = {0A1B2448-5225-4F7E-BB7D-76BBF321EF03}
		{0EB516F8-CD5B-4C6A-93E8-DC7213CA1F1B} = {17E4C6E4-E70B-4400-91E2-7E11782A1A67}
		{8E36120E-E09E-47DA-811F-A0E33AB1124C} = {0EB516F8-CD5B-4C6A-93E8-DC7213CA1F1B}
		{9D20D834-9492-4942-A571-81297059166A} = {0EB516F8-CD5B-4C6A-93E8-DC7213CA1F1B}
		{3DD65378-68E0-4E55-8610-AFCD7CCE0947} = {0EB516F8-CD5B-4C6A-93E8-DC7213CA1F1B}
		{F4B69D4E-B4A7-4110-A5E9-8DED1684B162} = {0EB516F8-CD5B-4C6A-93E8-DC7213CA1F1B}
		{F23268B9-530A-4537-A15B-42302521C5EE} = {0EB516F8-CD5B-4C6A-93E8-DC7213CA1F1B}
		{92D933CD-B01D-495F-82F1-0191FDBBBF51} = {0EB516F8-CD5B-4C6A-93E8-DC7213CA1F1B}
		{A440E2A2-373C-4267-9547-3B7ED3E682CD} = {0EB516F8-CD5B-4C6A-93E8-DC7213CA1F1B}
		{FC8ED719-6CA1-426F-911F-97FEAF2885DD} = {A440E2A2-373C-4267-9547-3B7ED3E682CD}
		{91E27419-F924-4C6D-A322-B7424A317DBC} = {A440E2A2-373C-4267-9547-3B7ED3E682CD}
		{12640F09-44E3-4CD4-97AB-9618EDF32D21} = {0EB516F8-CD5B-4C6A-93E8-DC7213CA1F1B}
		{6CC7DF19-3C54-4043-BA9A-2664FCE98816} = {12640F09-44E3-4CD4-97AB-9618EDF32D21}
		{8FCB0AD5-3C9E-4825-9A61-48B3D62C5242} = {12640F09-44E3-4CD4-97AB-9618EDF32D21}
	EndGlobalSection
	GlobalSection(ExtensibilityGlobals) = postSolution
		SolutionGuid = {63773B91-3009-449D-93A7-9E69AB059DFB}
	EndGlobalSection
EndGlobal
